
Microsoft Visual Studio Solution File, Format Version 12.00
# Visual Studio Version 17
VisualStudioVersion = 17.6.33801.468
MinimumVisualStudioVersion = 10.0.40219.1
Project("{FAE04EC0-301F-11D3-BF4B-00C04F79EFBC}") = "library-borrowing-app", "library-borrowing-app.csproj", "{771FAB30-8B1D-41BA-A359-27577229A3B1}"
EndProject
Global
	GlobalSection(SolutionConfigurationPlatforms) = preSolution
		Debug|Any CPU = Debug|Any CPU
		Release|Any CPU = Release|Any CPU
	EndGlobalSection
	GlobalSection(ProjectConfigurationPlatforms) = postSolution
		{771FAB30-8B1D-41BA-A359-27577229A3B1}.Debug|Any CPU.ActiveCfg = Debug|Any CPU
		{771FAB30-8B1D-41BA-A359-27577229A3B1}.Debug|Any CPU.Build.0 = Debug|Any CPU
		{771FAB30-8B1D-41BA-A359-27577229A3B1}.Release|Any CPU.ActiveCfg = Release|Any CPU
		{771FAB30-8B1D-41BA-A359-27577229A3B1}.Release|Any CPU.Build.0 = Release|Any CPU
	EndGlobalSection
	GlobalSection(SolutionProperties) = preSolution
		HideSolutionNode = FALSE
	EndGlobalSection
	GlobalSection(ExtensibilityGlobals) = postSolution
		SolutionGuid = {C88AD112-1049-4A60-B7A9-ED2105758F9C}
	EndGlobalSection
EndGlobal
